
Microsoft Visual Studio Solution File, Format Version 12.00
# Visual Studio Version 17
VisualStudioVersion = 17.4.33205.214
MinimumVisualStudioVersion = 10.0.40219.1
Project("{888888A0-9F3D-457C-B088-3A5042F75D52}") = "SAGE", "SAGE.pyproj", "{2CCE014C-633A-4CF0-92F5-3C14C748A9A9}"
EndProject
Global
	GlobalSection(SolutionConfigurationPlatforms) = preSolution
		Debug|Any CPU = Debug|Any CPU
		Release|Any CPU = Release|Any CPU
	EndGlobalSection
	GlobalSection(ProjectConfigurationPlatforms) = postSolution
		{2CCE014C-633A-4CF0-92F5-3C14C748A9A9}.Debug|Any CPU.ActiveCfg = Debug|Any CPU
		{2CCE014C-633A-4CF0-92F5-3C14C748A9A9}.Release|Any CPU.ActiveCfg = Release|Any CPU
	EndGlobalSection
	GlobalSection(SolutionProperties) = preSolution
		HideSolutionNode = FALSE
	EndGlobalSection
	GlobalSection(ExtensibilityGlobals) = postSolution
		SolutionGuid = {C7DF57FA-575E-4A77-8464-42F93F2FD129}
	EndGlobalSection
EndGlobal
