
Microsoft Visual Studio Solution File, Format Version 12.00
# Visual Studio Version 17
VisualStudioVersion = 17.2.32630.192
MinimumVisualStudioVersion = 10.0.40219.1
Project("{9A19103F-16F7-4668-BE54-9A1E7A4F7556}") = "StockPickerMVC", "StockPickerMVC.csproj", "{AAA7B67A-FC3E-4472-8B63-0B2CFA839AC3}"
EndProject
Project("{9A19103F-16F7-4668-BE54-9A1E7A4F7556}") = "StockData", "..\..\..\ComputerScience\StockData\StockData.csproj", "{179B7DDD-3D9B-48B8-8219-7C667515B0F5}"
EndProject
Global
	GlobalSection(SolutionConfigurationPlatforms) = preSolution
		Debug|Any CPU = Debug|Any CPU
		Release|Any CPU = Release|Any CPU
	EndGlobalSection
	GlobalSection(ProjectConfigurationPlatforms) = postSolution
		{AAA7B67A-FC3E-4472-8B63-0B2CFA839AC3}.Debug|Any CPU.ActiveCfg = Debug|Any CPU
		{AAA7B67A-FC3E-4472-8B63-0B2CFA839AC3}.Debug|Any CPU.Build.0 = Debug|Any CPU
		{AAA7B67A-FC3E-4472-8B63-0B2CFA839AC3}.Release|Any CPU.ActiveCfg = Release|Any CPU
		{AAA7B67A-FC3E-4472-8B63-0B2CFA839AC3}.Release|Any CPU.Build.0 = Release|Any CPU
		{179B7DDD-3D9B-48B8-8219-7C667515B0F5}.Debug|Any CPU.ActiveCfg = Debug|Any CPU
		{179B7DDD-3D9B-48B8-8219-7C667515B0F5}.Debug|Any CPU.Build.0 = Debug|Any CPU
		{179B7DDD-3D9B-48B8-8219-7C667515B0F5}.Release|Any CPU.ActiveCfg = Release|Any CPU
		{179B7DDD-3D9B-48B8-8219-7C667515B0F5}.Release|Any CPU.Build.0 = Release|Any CPU
	EndGlobalSection
	GlobalSection(SolutionProperties) = preSolution
		HideSolutionNode = FALSE
	EndGlobalSection
	GlobalSection(ExtensibilityGlobals) = postSolution
		SolutionGuid = {43388976-43B4-47A7-89AB-E1D53448A7F0}
	EndGlobalSection
EndGlobal
